<?xml version="1.0" encoding="utf-8"?>
<Project ToolsVersion="4.0" xmlns="http://schemas.microsoft.com/developer/msbuild/2003">
  <ItemGroup>
    <Filter Include="Header Files">
      <UniqueIdentifier>{67DA6AB6-F800-4c08-8B7A-83BB121AAD01}</UniqueIdentifier>
      <Extensions>rc;ico;cur;bmp;dlg;rc2;rct;bin;rgs;gif;jpg;jpeg;jpe;resx;tiff;tif;png;wav;mfcribbon-ms</Extensions>
    </Filter>
    <Filter Include="Source Files">
      <UniqueIdentifier>{4FC737F1-C7A5-4376-A066-2A32D752A2FF}</UniqueIdentifier>
      <Extensions>cpp;c;cc;cxx;def;odl;idl;hpj;bat;asm;asmx</Extensions>
    </Filter>
    <Filter Include="v3">
      <UniqueIdentifier>{292982bd-da86-49dd-ae08-263afc6807c1}</UniqueIdentifier>
    </Filter>
    <Filter Include="v4">
      <UniqueIdentifier>{cfd21649-403a-4757-a7bc-cd68d8022f0a}</UniqueIdentifier>
    </Filter>
  </ItemGroup>
  <ItemGroup>
    <ClCompile Include="..\Animation.cpp">
      <Filter>Source Files</Filter>
    </ClCompile>
    <ClCompile Include="..\AnimationState.cpp">
      <Filter>Source Files</Filter>
    </ClCompile>
    <ClCompile Include="..\AnimationStateData.cpp">
      <Filter>Source Files</Filter>
    </ClCompile>
    <ClCompile Include="..\Atlas.cpp">
      <Filter>Source Files</Filter>
    </ClCompile>
    <ClCompile Include="..\AtlasAttachmentLoader.cpp">
      <Filter>Source Files</Filter>
    </ClCompile>
    <ClCompile Include="..\Attachment.cpp">
      <Filter>Source Files</Filter>
    </ClCompile>
    <ClCompile Include="..\AttachmentLoader.cpp">
      <Filter>Source Files</Filter>
    </ClCompile>
    <ClCompile Include="..\AttachmentTimeline.cpp">
      <Filter>Source Files</Filter>
    </ClCompile>
    <ClCompile Include="..\AttachmentVertices.cpp">
      <Filter>Source Files</Filter>
    </ClCompile>
    <ClCompile Include="..\Bone.cpp">
      <Filter>Source Files</Filter>
    </ClCompile>
    <ClCompile Include="..\BoneData.cpp">
      <Filter>Source Files</Filter>
    </ClCompile>
    <ClCompile Include="..\BoundingBoxAttachment.cpp">
      <Filter>Source Files</Filter>
    </ClCompile>
    <ClCompile Include="..\ClippingAttachment.cpp">
      <Filter>Source Files</Filter>
    </ClCompile>
    <ClCompile Include="..\ColorTimeline.cpp">
      <Filter>Source Files</Filter>
    </ClCompile>
    <ClCompile Include="..\ConstraintData.cpp">
      <Filter>Source Files</Filter>
    </ClCompile>
    <ClCompile Include="..\CurveTimeline.cpp">
      <Filter>Source Files</Filter>
    </ClCompile>
    <ClCompile Include="..\DeformTimeline.cpp">
      <Filter>Source Files</Filter>
    </ClCompile>
    <ClCompile Include="..\DrawOrderTimeline.cpp">
      <Filter>Source Files</Filter>
    </ClCompile>
    <ClCompile Include="..\Event.cpp">
      <Filter>Source Files</Filter>
    </ClCompile>
    <ClCompile Include="..\EventData.cpp">
      <Filter>Source Files</Filter>
    </ClCompile>
    <ClCompile Include="..\EventTimeline.cpp">
      <Filter>Source Files</Filter>
    </ClCompile>
    <ClCompile Include="..\Extension.cpp">
      <Filter>Source Files</Filter>
    </ClCompile>
    <ClCompile Include="..\IkConstraint.cpp">
      <Filter>Source Files</Filter>
    </ClCompile>
    <ClCompile Include="..\IkConstraintData.cpp">
      <Filter>Source Files</Filter>
    </ClCompile>
    <ClCompile Include="..\IkConstraintTimeline.cpp">
      <Filter>Source Files</Filter>
    </ClCompile>
    <ClCompile Include="..\Json.cpp">
      <Filter>Source Files</Filter>
    </ClCompile>
    <ClCompile Include="..\LinkedMesh.cpp">
      <Filter>Source Files</Filter>
    </ClCompile>
    <ClCompile Include="..\MathUtil.cpp">
      <Filter>Source Files</Filter>
    </ClCompile>
    <ClCompile Include="..\MeshAttachment.cpp">
      <Filter>Source Files</Filter>
    </ClCompile>
    <ClCompile Include="..\PathAttachment.cpp">
      <Filter>Source Files</Filter>
    </ClCompile>
    <ClCompile Include="..\PathConstraint.cpp">
      <Filter>Source Files</Filter>
    </ClCompile>
    <ClCompile Include="..\PathConstraintData.cpp">
      <Filter>Source Files</Filter>
    </ClCompile>
    <ClCompile Include="..\PathConstraintMixTimeline.cpp">
      <Filter>Source Files</Filter>
    </ClCompile>
    <ClCompile Include="..\PathConstraintPositionTimeline.cpp">
      <Filter>Source Files</Filter>
    </ClCompile>
    <ClCompile Include="..\PathConstraintSpacingTimeline.cpp">
      <Filter>Source Files</Filter>
    </ClCompile>
    <ClCompile Include="..\PointAttachment.cpp">
      <Filter>Source Files</Filter>
    </ClCompile>
    <ClCompile Include="..\RegionAttachment.cpp">
      <Filter>Source Files</Filter>
    </ClCompile>
    <ClCompile Include="..\RotateTimeline.cpp">
      <Filter>Source Files</Filter>
    </ClCompile>
    <ClCompile Include="..\RTTI.cpp">
      <Filter>Source Files</Filter>
    </ClCompile>
    <ClCompile Include="..\ScaleTimeline.cpp">
      <Filter>Source Files</Filter>
    </ClCompile>
    <ClCompile Include="..\ShearTimeline.cpp">
      <Filter>Source Files</Filter>
    </ClCompile>
    <ClCompile Include="..\Skeleton.cpp">
      <Filter>Source Files</Filter>
    </ClCompile>
    <ClCompile Include="..\SkeletonAnimation.cpp">
      <Filter>Source Files</Filter>
    </ClCompile>
    <ClCompile Include="..\SkeletonBinary.cpp">
      <Filter>Source Files</Filter>
    </ClCompile>
    <ClCompile Include="..\SkeletonBounds.cpp">
      <Filter>Source Files</Filter>
    </ClCompile>
    <ClCompile Include="..\SkeletonClipping.cpp">
      <Filter>Source Files</Filter>
    </ClCompile>
    <ClCompile Include="..\SkeletonData.cpp">
      <Filter>Source Files</Filter>
    </ClCompile>
    <ClCompile Include="..\SkeletonJson.cpp">
      <Filter>Source Files</Filter>
    </ClCompile>
    <ClCompile Include="..\SkeletonRenderer.cpp">
      <Filter>Source Files</Filter>
    </ClCompile>
    <ClCompile Include="..\Skin.cpp">
      <Filter>Source Files</Filter>
    </ClCompile>
    <ClCompile Include="..\Slot.cpp">
      <Filter>Source Files</Filter>
    </ClCompile>
    <ClCompile Include="..\SlotData.cpp">
      <Filter>Source Files</Filter>
    </ClCompile>
    <ClCompile Include="..\spine-cocos2dx.cpp">
      <Filter>Source Files</Filter>
    </ClCompile>
    <ClCompile Include="..\SpineObject.cpp">
      <Filter>Source Files</Filter>
    </ClCompile>
    <ClCompile Include="..\TextureLoader.cpp">
      <Filter>Source Files</Filter>
    </ClCompile>
    <ClCompile Include="..\Timeline.cpp">
      <Filter>Source Files</Filter>
    </ClCompile>
    <ClCompile Include="..\TransformConstraint.cpp">
      <Filter>Source Files</Filter>
    </ClCompile>
    <ClCompile Include="..\TransformConstraintData.cpp">
      <Filter>Source Files</Filter>
    </ClCompile>
    <ClCompile Include="..\TransformConstraintTimeline.cpp">
      <Filter>Source Files</Filter>
    </ClCompile>
    <ClCompile Include="..\TranslateTimeline.cpp">
      <Filter>Source Files</Filter>
    </ClCompile>
    <ClCompile Include="..\Triangulator.cpp">
      <Filter>Source Files</Filter>
    </ClCompile>
    <ClCompile Include="..\TwoColorTimeline.cpp">
      <Filter>Source Files</Filter>
    </ClCompile>
    <ClCompile Include="..\Updatable.cpp">
      <Filter>Source Files</Filter>
    </ClCompile>
    <ClCompile Include="..\VertexAttachment.cpp">
      <Filter>Source Files</Filter>
    </ClCompile>
    <ClCompile Include="..\VertexEffect.cpp">
      <Filter>Source Files</Filter>
    </ClCompile>
    <ClCompile Include="..\v3\SkeletonBatch.cpp">
      <Filter>v3</Filter>
    </ClCompile>
    <ClCompile Include="..\v3\SkeletonTwoColorBatch.cpp">
      <Filter>v3</Filter>
    </ClCompile>
    <ClCompile Include="..\v4\SkeletonBatch.cpp">
      <Filter>v4</Filter>
    </ClCompile>
    <ClCompile Include="..\v4\SkeletonTwoColorBatch.cpp">
      <Filter>v4</Filter>
    </ClCompile>
  </ItemGroup>
  <ItemGroup>
    <ClInclude Include="..\Animation.h" />
    <ClInclude Include="..\AnimationState.h" />
    <ClInclude Include="..\AnimationStateData.h" />
    <ClInclude Include="..\Atlas.h" />
    <ClInclude Include="..\AtlasAttachmentLoader.h" />
    <ClInclude Include="..\Attachment.h" />
    <ClInclude Include="..\AttachmentLoader.h" />
    <ClInclude Include="..\AttachmentTimeline.h" />
    <ClInclude Include="..\AttachmentType.h" />
    <ClInclude Include="..\AttachmentVertices.h" />
    <ClInclude Include="..\BlendMode.h" />
    <ClInclude Include="..\Bone.h" />
    <ClInclude Include="..\BoneData.h" />
    <ClInclude Include="..\BoundingBoxAttachment.h" />
    <ClInclude Include="..\ClippingAttachment.h" />
    <ClInclude Include="..\Color.h" />
    <ClInclude Include="..\ColorTimeline.h" />
    <ClInclude Include="..\ConstraintData.h" />
    <ClInclude Include="..\ContainerUtil.h" />
    <ClInclude Include="..\CurveTimeline.h" />
    <ClInclude Include="..\Debug.h" />
    <ClInclude Include="..\DeformTimeline.h" />
    <ClInclude Include="..\dll.h" />
    <ClInclude Include="..\DrawOrderTimeline.h" />
    <ClInclude Include="..\Event.h" />
    <ClInclude Include="..\EventData.h" />
    <ClInclude Include="..\EventTimeline.h" />
    <ClInclude Include="..\Extension.h" />
    <ClInclude Include="..\HashMap.h" />
    <ClInclude Include="..\HasRendererObject.h" />
    <ClInclude Include="..\IkConstraint.h" />
    <ClInclude Include="..\IkConstraintData.h" />
    <ClInclude Include="..\IkConstraintTimeline.h" />
    <ClInclude Include="..\Json.h" />
    <ClInclude Include="..\LinkedMesh.h" />
    <ClInclude Include="..\MathUtil.h" />
    <ClInclude Include="..\MeshAttachment.h" />
    <ClInclude Include="..\MixBlend.h" />
    <ClInclude Include="..\MixDirection.h" />
    <ClInclude Include="..\PathAttachment.h" />
    <ClInclude Include="..\PathConstraint.h" />
    <ClInclude Include="..\PathConstraintData.h" />
    <ClInclude Include="..\PathConstraintMixTimeline.h" />
    <ClInclude Include="..\PathConstraintPositionTimeline.h" />
    <ClInclude Include="..\PathConstraintSpacingTimeline.h" />
    <ClInclude Include="..\PointAttachment.h" />
    <ClInclude Include="..\Pool.h" />
    <ClInclude Include="..\PositionMode.h" />
    <ClInclude Include="..\RegionAttachment.h" />
    <ClInclude Include="..\RotateMode.h" />
    <ClInclude Include="..\RotateTimeline.h" />
    <ClInclude Include="..\RTTI.h" />
    <ClInclude Include="..\ScaleTimeline.h" />
    <ClInclude Include="..\ShearTimeline.h" />
    <ClInclude Include="..\Skeleton.h" />
    <ClInclude Include="..\SkeletonAnimation.h" />
    <ClInclude Include="..\SkeletonBinary.h" />
    <ClInclude Include="..\SkeletonBounds.h" />
    <ClInclude Include="..\SkeletonClipping.h" />
    <ClInclude Include="..\SkeletonData.h" />
    <ClInclude Include="..\SkeletonJson.h" />
    <ClInclude Include="..\SkeletonRenderer.h" />
    <ClInclude Include="..\Skin.h" />
    <ClInclude Include="..\Slot.h" />
    <ClInclude Include="..\SlotData.h" />
    <ClInclude Include="..\SpacingMode.h" />
    <ClInclude Include="..\spine.h" />
    <ClInclude Include="..\spine-cocos2dx.h" />
    <ClInclude Include="..\SpineObject.h" />
    <ClInclude Include="..\SpineString.h" />
    <ClInclude Include="..\TextureLoader.h" />
    <ClInclude Include="..\Timeline.h" />
    <ClInclude Include="..\TimelineType.h" />
    <ClInclude Include="..\TransformConstraint.h" />
    <ClInclude Include="..\TransformConstraintData.h" />
    <ClInclude Include="..\TransformConstraintTimeline.h" />
    <ClInclude Include="..\TransformMode.h" />
    <ClInclude Include="..\TranslateTimeline.h" />
    <ClInclude Include="..\Triangulator.h" />
    <ClInclude Include="..\TwoColorTimeline.h" />
    <ClInclude Include="..\Updatable.h" />
    <ClInclude Include="..\Vector.h" />
    <ClInclude Include="..\VertexAttachment.h" />
    <ClInclude Include="..\VertexEffect.h" />
    <ClInclude Include="..\Vertices.h" />
    <ClInclude Include="..\v3\SkeletonBatch.h">
      <Filter>v3</Filter>
    </ClInclude>
    <ClInclude Include="..\v3\SkeletonTwoColorBatch.h">
      <Filter>v3</Filter>
    </ClInclude>
    <ClInclude Include="..\v4\SkeletonBatch.h">
      <Filter>v4</Filter>
    </ClInclude>
    <ClInclude Include="..\v4\SkeletonTwoColorBatch.h">
      <Filter>v4</Filter>
    </ClInclude>
  </ItemGroup>
</Project>